
Microsoft Visual Studio Solution File, Format Version 12.00
# Visual Studio Version 16
VisualStudioVersion = 16.0.30517.126
MinimumVisualStudioVersion = 10.0.40219.1
Project("{FAE04EC0-301F-11D3-BF4B-00C04F79EFBC}") = "DsConexSql", "DsConexSql\DsConexSql.csproj", "{3C324788-5346-45BA-ABEF-0C6A591A0D08}"
EndProject
Project("{FAE04EC0-301F-11D3-BF4B-00C04F79EFBC}") = "DsGestionStock.Android", "DsGestionStock\DsGestionStock.Android\DsGestionStock.Android.csproj", "{51C035D8-6A77-44D7-A0BA-D55F01F21E62}"
EndProject
Project("{FAE04EC0-301F-11D3-BF4B-00C04F79EFBC}") = "DsGestionStock.iOS", "DsGestionStock\DsGestionStock.iOS\DsGestionStock.iOS.csproj", "{6EE463F8-0A02-4CB2-BFB3-5896F05B1819}"
EndProject
Project("{FAE04EC0-301F-11D3-BF4B-00C04F79EFBC}") = "DsGestionStock", "DsGestionStock\DsGestionStock\DsGestionStock.csproj", "{0672FCF6-B96E-4D35-89B9-82AFAE1B98CF}"
EndProject
Global
	GlobalSection(SolutionConfigurationPlatforms) = preSolution
		Debug|Any CPU = Debug|Any CPU
		Debug|iPhone = Debug|iPhone
		Debug|iPhoneSimulator = Debug|iPhoneSimulator
		Release|Any CPU = Release|Any CPU
		Release|iPhone = Release|iPhone
		Release|iPhoneSimulator = Release|iPhoneSimulator
	EndGlobalSection
	GlobalSection(ProjectConfigurationPlatforms) = postSolution
		{3C324788-5346-45BA-ABEF-0C6A591A0D08}.Debug|Any CPU.ActiveCfg = Debug|Any CPU
		{3C324788-5346-45BA-ABEF-0C6A591A0D08}.Debug|Any CPU.Build.0 = Debug|Any CPU
		{3C324788-5346-45BA-ABEF-0C6A591A0D08}.Debug|iPhone.ActiveCfg = Debug|Any CPU
		{3C324788-5346-45BA-ABEF-0C6A591A0D08}.Debug|iPhone.Build.0 = Debug|Any CPU
		{3C324788-5346-45BA-ABEF-0C6A591A0D08}.Debug|iPhoneSimulator.ActiveCfg = Debug|Any CPU
		{3C324788-5346-45BA-ABEF-0C6A591A0D08}.Debug|iPhoneSimulator.Build.0 = Debug|Any CPU
		{3C324788-5346-45BA-ABEF-0C6A591A0D08}.Release|Any CPU.ActiveCfg = Release|Any CPU
		{3C324788-5346-45BA-ABEF-0C6A591A0D08}.Release|Any CPU.Build.0 = Release|Any CPU
		{3C324788-5346-45BA-ABEF-0C6A591A0D08}.Release|iPhone.ActiveCfg = Release|Any CPU
		{3C324788-5346-45BA-ABEF-0C6A591A0D08}.Release|iPhone.Build.0 = Release|Any CPU
		{3C324788-5346-45BA-ABEF-0C6A591A0D08}.Release|iPhoneSimulator.ActiveCfg = Release|Any CPU
		{3C324788-5346-45BA-ABEF-0C6A591A0D08}.Release|iPhoneSimulator.Build.0 = Release|Any CPU
		{51C035D8-6A77-44D7-A0BA-D55F01F21E62}.Debug|Any CPU.ActiveCfg = Debug|Any CPU
		{51C035D8-6A77-44D7-A0BA-D55F01F21E62}.Debug|Any CPU.Build.0 = Debug|Any CPU
		{51C035D8-6A77-44D7-A0BA-D55F01F21E62}.Debug|Any CPU.Deploy.0 = Debug|Any CPU
		{51C035D8-6A77-44D7-A0BA-D55F01F21E62}.Debug|iPhone.ActiveCfg = Debug|Any CPU
		{51C035D8-6A77-44D7-A0BA-D55F01F21E62}.Debug|iPhone.Build.0 = Debug|Any CPU
		{51C035D8-6A77-44D7-A0BA-D55F01F21E62}.Debug|iPhone.Deploy.0 = Debug|Any CPU
		{51C035D8-6A77-44D7-A0BA-D55F01F21E62}.Debug|iPhoneSimulator.ActiveCfg = Debug|Any CPU
		{51C035D8-6A77-44D7-A0BA-D55F01F21E62}.Debug|iPhoneSimulator.Build.0 = Debug|Any CPU
		{51C035D8-6A77-44D7-A0BA-D55F01F21E62}.Debug|iPhoneSimulator.Deploy.0 = Debug|Any CPU
		{51C035D8-6A77-44D7-A0BA-D55F01F21E62}.Release|Any CPU.ActiveCfg = Release|Any CPU
		{51C035D8-6A77-44D7-A0BA-D55F01F21E62}.Release|Any CPU.Build.0 = Release|Any CPU
		{51C035D8-6A77-44D7-A0BA-D55F01F21E62}.Release|Any CPU.Deploy.0 = Release|Any CPU
		{51C035D8-6A77-44D7-A0BA-D55F01F21E62}.Release|iPhone.ActiveCfg = Release|Any CPU
		{51C035D8-6A77-44D7-A0BA-D55F01F21E62}.Release|iPhone.Build.0 = Release|Any CPU
		{51C035D8-6A77-44D7-A0BA-D55F01F21E62}.Release|iPhone.Deploy.0 = Release|Any CPU
		{51C035D8-6A77-44D7-A0BA-D55F01F21E62}.Release|iPhoneSimulator.ActiveCfg = Release|Any CPU
		{51C035D8-6A77-44D7-A0BA-D55F01F21E62}.Release|iPhoneSimulator.Build.0 = Release|Any CPU
		{51C035D8-6A77-44D7-A0BA-D55F01F21E62}.Release|iPhoneSimulator.Deploy.0 = Release|Any CPU
		{6EE463F8-0A02-4CB2-BFB3-5896F05B1819}.Debug|Any CPU.ActiveCfg = Debug|iPhoneSimulator
		{6EE463F8-0A02-4CB2-BFB3-5896F05B1819}.Debug|iPhone.ActiveCfg = Debug|iPhone
		{6EE463F8-0A02-4CB2-BFB3-5896F05B1819}.Debug|iPhone.Build.0 = Debug|iPhone
		{6EE463F8-0A02-4CB2-BFB3-5896F05B1819}.Debug|iPhoneSimulator.ActiveCfg = Debug|iPhoneSimulator
		{6EE463F8-0A02-4CB2-BFB3-5896F05B1819}.Debug|iPhoneSimulator.Build.0 = Debug|iPhoneSimulator
		{6EE463F8-0A02-4CB2-BFB3-5896F05B1819}.Release|Any CPU.ActiveCfg = Release|iPhoneSimulator
		{6EE463F8-0A02-4CB2-BFB3-5896F05B1819}.Release|iPhone.ActiveCfg = Release|iPhone
		{6EE463F8-0A02-4CB2-BFB3-5896F05B1819}.Release|iPhone.Build.0 = Release|iPhone
		{6EE463F8-0A02-4CB2-BFB3-5896F05B1819}.Release|iPhoneSimulator.ActiveCfg = Release|iPhoneSimulator
		{6EE463F8-0A02-4CB2-BFB3-5896F05B1819}.Release|iPhoneSimulator.Build.0 = Release|iPhoneSimulator
		{0672FCF6-B96E-4D35-89B9-82AFAE1B98CF}.Debug|Any CPU.ActiveCfg = Debug|Any CPU
		{0672FCF6-B96E-4D35-89B9-82AFAE1B98CF}.Debug|Any CPU.Build.0 = Debug|Any CPU
		{0672FCF6-B96E-4D35-89B9-82AFAE1B98CF}.Debug|iPhone.ActiveCfg = Debug|Any CPU
		{0672FCF6-B96E-4D35-89B9-82AFAE1B98CF}.Debug|iPhone.Build.0 = Debug|Any CPU
		{0672FCF6-B96E-4D35-89B9-82AFAE1B98CF}.Debug|iPhoneSimulator.ActiveCfg = Debug|Any CPU
		{0672FCF6-B96E-4D35-89B9-82AFAE1B98CF}.Debug|iPhoneSimulator.Build.0 = Debug|Any CPU
		{0672FCF6-B96E-4D35-89B9-82AFAE1B98CF}.Release|Any CPU.ActiveCfg = Release|Any CPU
		{0672FCF6-B96E-4D35-89B9-82AFAE1B98CF}.Release|Any CPU.Build.0 = Release|Any CPU
		{0672FCF6-B96E-4D35-89B9-82AFAE1B98CF}.Release|iPhone.ActiveCfg = Release|Any CPU
		{0672FCF6-B96E-4D35-89B9-82AFAE1B98CF}.Release|iPhone.Build.0 = Release|Any CPU
		{0672FCF6-B96E-4D35-89B9-82AFAE1B98CF}.Release|iPhoneSimulator.ActiveCfg = Release|Any CPU
		{0672FCF6-B96E-4D35-89B9-82AFAE1B98CF}.Release|iPhoneSimulator.Build.0 = Release|Any CPU
	EndGlobalSection
	GlobalSection(SolutionProperties) = preSolution
		HideSolutionNode = FALSE
	EndGlobalSection
	GlobalSection(ExtensibilityGlobals) = postSolution
		SolutionGuid = {89841F30-5718-4E3F-8F75-0E999492E2D6}
	EndGlobalSection
EndGlobal
